# THIS IS AN AUTOGENERATED FILE. DO NOT EDIT THIS FILE DIRECTLY.
# yarn lockfile v1


"@types/lodash@^4.14.191":
  version "4.14.191"
  resolved "https://registry.yarnpkg.com/@types/lodash/-/lodash-4.14.191.tgz#09511e7f7cba275acd8b419ddac8da9a6a79e2fa"
  integrity sha512-BdZ5BCCvho3EIXw6wUCXHe7rS53AIDPLE+JzwgT+OsJk53oBfbSmZZ7CX4VaRoN78N+TJpFi9QPlfIVNmJYWxQ==

"@types/node@*":
  version "18.14.1"
  resolved "https://registry.yarnpkg.com/@types/node/-/node-18.14.1.tgz#90dad8476f1e42797c49d6f8b69aaf9f876fc69f"
  integrity sha512-QH+37Qds3E0eDlReeboBxfHbX9omAcBCXEzswCu6jySP642jiM3cYSIkU/REqwhCUqXdonHFuBfJDiAJxMNhaQ==

"@types/node@^18.11.17":
  version "18.14.0"
  resolved "https://registry.yarnpkg.com/@types/node/-/node-18.14.0.tgz#94c47b9217bbac49d4a67a967fdcdeed89ebb7d0"
  integrity sha512-5EWrvLmglK+imbCJY0+INViFWUHg1AHel1sq4ZVSfdcNqGy9Edv3UB9IIzzg+xPaUcAgZYcfVs2fBcwDeZzU0A==

"@types/pg@^8.6.6":
  version "8.6.6"
  resolved "https://registry.yarnpkg.com/@types/pg/-/pg-8.6.6.tgz#21cdf873a3e345a6e78f394677e3b3b1b543cb80"
  integrity sha512-O2xNmXebtwVekJDD+02udOncjVcMZQuTEQEMpKJ0ZRf5E7/9JJX3izhKUcUifBkyKpljyUM6BTgy2trmviKlpw==
  dependencies:
    "@types/node" "*"
    pg-protocol "*"
    pg-types "^2.2.0"

"@types/prop-types@*":
  version "15.7.5"
  resolved "https://registry.yarnpkg.com/@types/prop-types/-/prop-types-15.7.5.tgz#5f19d2b85a98e9558036f6a3cacc8819420f05cf"
  integrity sha512-JCB8C6SnDoQf0cNycqd/35A7MjcnK+ZTqE7judS6o7utxUCg6imJg3QK2qzHKszlTjcj2cn+NwMB2i96ubpj7w==

"@types/react-dom@^18.0.10":
  version "18.0.11"
  resolved "https://registry.yarnpkg.com/@types/react-dom/-/react-dom-18.0.11.tgz#321351c1459bc9ca3d216aefc8a167beec334e33"
  integrity sha512-O38bPbI2CWtgw/OoQoY+BRelw7uysmXbWvw3nLWO21H1HSh+GOlqPuXshJfjmpNlKiiSDG9cc1JZAaMmVdcTlw==
  dependencies:
    "@types/react" "*"

"@types/react@*", "@types/react@^18.0.27":
  version "18.0.28"
  resolved "https://registry.yarnpkg.com/@types/react/-/react-18.0.28.tgz#accaeb8b86f4908057ad629a26635fe641480065"
  integrity sha512-RD0ivG1kEztNBdoAK7lekI9M+azSnitIn85h4iOiaLjaTrMjzslhaqCGaI4IyCJ1RljWiLCEu4jyrLLgqxBTew==
  dependencies:
    "@types/prop-types" "*"
    "@types/scheduler" "*"
    csstype "^3.0.2"

"@types/scheduler@*":
  version "0.16.2"
  resolved "https://registry.yarnpkg.com/@types/scheduler/-/scheduler-0.16.2.tgz#1a62f89525723dde24ba1b01b092bf5df8ad4d39"
  integrity sha512-hppQEBDmlwhFAXKJX2KnWLYu5yMfi91yazPb2l+lbJiwW+wdo1gNeRA+3RgNSO39WYX2euey41KEwnqesU2Jew==

ansi-regex@^2.0.0:
  version "2.1.1"
  resolved "https://registry.yarnpkg.com/ansi-regex/-/ansi-regex-2.1.1.tgz#c3b33ab5ee360d86e0e628f0468ae7ef27d654df"
  integrity sha512-TIGnTpdo+E3+pCyAluZvtED5p5wCqLdezCyhPZzKPcxvFplEt4i+W7OONCKgeZFT3+y5NZZfOOS/Bdcanm1MYA==

buffer-writer@2.0.0:
  version "2.0.0"
  resolved "https://registry.yarnpkg.com/buffer-writer/-/buffer-writer-2.0.0.tgz#ce7eb81a38f7829db09c873f2fbb792c0c98ec04"
  integrity sha512-a7ZpuTZU1TRtnwyCNW3I5dc0wWNC3VR9S++Ewyk2HHZdrO3CQJqSpd+95Us590V6AL7JqUAH2IwZ/398PmNFgw==

camelcase@^3.0.0:
  version "3.0.0"
  resolved "https://registry.yarnpkg.com/camelcase/-/camelcase-3.0.0.tgz#32fc4b9fcdaf845fcdf7e73bb97cac2261f0ab0a"
  integrity sha512-4nhGqUkc4BqbBBB4Q6zLuD7lzzrHYrjKGeYaEji/3tFR5VdJu9v+LilhGIVe8wxEJPPOeWo7eg8dwY13TZ1BNg==

cliui@^3.2.0:
  version "3.2.0"
  resolved "https://registry.yarnpkg.com/cliui/-/cliui-3.2.0.tgz#120601537a916d29940f934da3b48d585a39213d"
  integrity sha512-0yayqDxWQbqk3ojkYqUKqaAQ6AfNKeKWRNA8kR0WXzAsdHpP4BIaOmMAG87JGuO6qcobyW4GjxHd9PmhEd+T9w==
  dependencies:
    string-width "^1.0.1"
    strip-ansi "^3.0.1"
    wrap-ansi "^2.0.0"

code-point-at@^1.0.0:
  version "1.1.0"
  resolved "https://registry.yarnpkg.com/code-point-at/-/code-point-at-1.1.0.tgz#0d070b4d043a5bea33a2f1a40e2edb3d9a4ccf77"
  integrity sha512-RpAVKQA5T63xEj6/giIbUEtZwJ4UFIc3ZtvEkiaUERylqe8xb5IvqcgOurZLahv93CLKfxcw5YI+DZcUBRyLXA==

csstype@^3.0.2:
  version "3.1.1"
  resolved "https://registry.yarnpkg.com/csstype/-/csstype-3.1.1.tgz#841b532c45c758ee546a11d5bd7b7b473c8c30b9"
  integrity sha512-DJR/VvkAvSZW9bTouZue2sSxDwdTN92uHjqeKVm+0dAqdfNykRzQ95tay8aXMBAAPpUiq4Qcug2L7neoRh2Egw==

decamelize@^1.1.1:
  version "1.2.0"
  resolved "https://registry.yarnpkg.com/decamelize/-/decamelize-1.2.0.tgz#f6534d15148269b20352e7bee26f501f9a191290"
  integrity sha512-z2S+W9X73hAUUki+N+9Za2lBlun89zigOyGrsax+KUQ6wKW4ZoWpEYBkGhQjwAjjDCkWxhY0VKEhk8wzY7F5cA==

error-ex@^1.2.0:
  version "1.3.2"
  resolved "https://registry.yarnpkg.com/error-ex/-/error-ex-1.3.2.tgz#b4ac40648107fdcdcfae242f428bea8a14d4f1bf"
  integrity sha512-7dFHNmqeFSEt2ZBsCriorKnn3Z2pj+fd9kmI6QoWw4//DL+icEBfc0U7qJCisqrTsKTjw4fNFy2pW9OqStD84g==
  dependencies:
    is-arrayish "^0.2.1"

find-up@^1.0.0:
  version "1.1.2"
  resolved "https://registry.yarnpkg.com/find-up/-/find-up-1.1.2.tgz#6b2e9822b1a2ce0a60ab64d610eccad53cb24d0f"
  integrity sha512-jvElSjyuo4EMQGoTwo1uJU5pQMwTW5lS1x05zzfJuTIyLR3zwO27LYrxNg+dlvKpGOuGy/MzBdXh80g0ve5+HA==
  dependencies:
    path-exists "^2.0.0"
    pinkie-promise "^2.0.0"

function-bind@^1.1.1:
  version "1.1.1"
  resolved "https://registry.yarnpkg.com/function-bind/-/function-bind-1.1.1.tgz#a56899d3ea3c9bab874bb9773b7c5ede92f4895d"
  integrity sha512-yIovAzMX49sF8Yl58fSCWJ5svSLuaibPxXQJFLmBObTuCr0Mf1KiPopGM9NiFjiYBCbfaa2Fh6breQ6ANVTI0A==

get-caller-file@^1.0.1:
  version "1.0.3"
  resolved "https://registry.yarnpkg.com/get-caller-file/-/get-caller-file-1.0.3.tgz#f978fa4c90d1dfe7ff2d6beda2a515e713bdcf4a"
  integrity sha512-3t6rVToeoZfYSGd8YoLFR2DJkiQrIiUrGcjvFX2mDw3bn6k2OtwHN0TNCLbBO+w8qTvimhDkv+LSscbJY1vE6w==

graceful-fs@^4.1.2:
  version "4.2.10"
  resolved "https://registry.yarnpkg.com/graceful-fs/-/graceful-fs-4.2.10.tgz#147d3a006da4ca3ce14728c7aefc287c367d7a6c"
  integrity sha512-9ByhssR2fPVsNZj478qUUbKfmL0+t5BDVyjShtyZZLiK7ZDAArFFfopyOTj0M05wE2tJPisA4iTnnXl2YoPvOA==

has@^1.0.3:
  version "1.0.3"
  resolved "https://registry.yarnpkg.com/has/-/has-1.0.3.tgz#722d7cbfc1f6aa8241f16dd814e011e1f41e8796"
  integrity sha512-f2dvO0VU6Oej7RkWJGrehjbzMAjFp5/VKPp5tTpWIV4JHHZK1/BxbFRtf/siA2SWTe09caDmVtYYzWEIbBS4zw==
  dependencies:
    function-bind "^1.1.1"

hosted-git-info@^2.1.4:
  version "2.8.9"
  resolved "https://registry.yarnpkg.com/hosted-git-info/-/hosted-git-info-2.8.9.tgz#dffc0bf9a21c02209090f2aa69429e1414daf3f9"
  integrity sha512-mxIDAb9Lsm6DoOJ7xH+5+X4y1LU/4Hi50L9C5sIswK3JzULS4bwk1FvjdBgvYR4bzT4tuUQiC15FE2f5HbLvYw==

invert-kv@^1.0.0:
  version "1.0.0"
  resolved "https://registry.yarnpkg.com/invert-kv/-/invert-kv-1.0.0.tgz#104a8e4aaca6d3d8cd157a8ef8bfab2d7a3ffdb6"
  integrity sha512-xgs2NH9AE66ucSq4cNG1nhSFghr5l6tdL15Pk+jl46bmmBapgoaY/AacXyaDznAqmGL99TiLSQgO/XazFSKYeQ==

is-arrayish@^0.2.1:
  version "0.2.1"
  resolved "https://registry.yarnpkg.com/is-arrayish/-/is-arrayish-0.2.1.tgz#77c99840527aa8ecb1a8ba697b80645a7a926a9d"
  integrity sha512-zz06S8t0ozoDXMG+ube26zeCTNXcKIPJZJi8hBrF4idCLms4CG9QtK7qBl1boi5ODzFpjswb5JPmHCbMpjaYzg==

is-core-module@^2.9.0:
  version "2.11.0"
  resolved "https://registry.yarnpkg.com/is-core-module/-/is-core-module-2.11.0.tgz#ad4cb3e3863e814523c96f3f58d26cc570ff0144"
  integrity sha512-RRjxlvLDkD1YJwDbroBHMb+cukurkDWNyHx7D3oNB5x9rb5ogcksMC5wHCadcXoo67gVr/+3GFySh3134zi6rw==
  dependencies:
    has "^1.0.3"

is-fullwidth-code-point@^1.0.0:
  version "1.0.0"
  resolved "https://registry.yarnpkg.com/is-fullwidth-code-point/-/is-fullwidth-code-point-1.0.0.tgz#ef9e31386f031a7f0d643af82fde50c457ef00cb"
  integrity sha512-1pqUqRjkhPJ9miNq9SwMfdvi6lBJcd6eFxvfaivQhaH3SgisfiuudvFntdKOmxuee/77l+FPjKrQjWvmPjWrRw==
  dependencies:
    number-is-nan "^1.0.0"

is-utf8@^0.2.0:
  version "0.2.1"
  resolved "https://registry.yarnpkg.com/is-utf8/-/is-utf8-0.2.1.tgz#4b0da1442104d1b336340e80797e865cf39f7d72"
  integrity sha512-rMYPYvCzsXywIsldgLaSoPlw5PfoB/ssr7hY4pLfcodrA5M/eArza1a9VmTiNIBNMjOGr1Ow9mTyU2o69U6U9Q==

"js-tokens@^3.0.0 || ^4.0.0":
  version "4.0.0"
  resolved "https://registry.yarnpkg.com/js-tokens/-/js-tokens-4.0.0.tgz#19203fb59991df98e3a287050d4647cdeaf32499"
  integrity sha512-RdJUflcE3cUzKiMqQgsCu06FPu9UdIJO0beYbPhHN4k6apgJtifcoCtT9bcxOpYBtpD2kCM6Sbzg4CausW/PKQ==

lcid@^1.0.0:
  version "1.0.0"
  resolved "https://registry.yarnpkg.com/lcid/-/lcid-1.0.0.tgz#308accafa0bc483a3867b4b6f2b9506251d1b835"
  integrity sha512-YiGkH6EnGrDGqLMITnGjXtGmNtjoXw9SVUzcaos8RBi7Ps0VBylkq+vOcY9QE5poLasPCR849ucFUkl0UzUyOw==
  dependencies:
    invert-kv "^1.0.0"

load-json-file@^1.0.0:
  version "1.1.0"
  resolved "https://registry.yarnpkg.com/load-json-file/-/load-json-file-1.1.0.tgz#956905708d58b4bab4c2261b04f59f31c99374c0"
  integrity sha512-cy7ZdNRXdablkXYNI049pthVeXFurRyb9+hA/dZzerZ0pGTx42z+y+ssxBaVV2l70t1muq5IdKhn4UtcoGUY9A==
  dependencies:
    graceful-fs "^4.1.2"
    parse-json "^2.2.0"
    pify "^2.0.0"
    pinkie-promise "^2.0.0"
    strip-bom "^2.0.0"

lodash.assign@^4.1.0, lodash.assign@^4.2.0:
  version "4.2.0"
  resolved "https://registry.yarnpkg.com/lodash.assign/-/lodash.assign-4.2.0.tgz#0d99f3ccd7a6d261d19bdaeb9245005d285808e7"
  integrity sha512-hFuH8TY+Yji7Eja3mGiuAxBqLagejScbG8GbG0j6o9vzn0YL14My+ktnqtZgFTosKymC9/44wP6s7xyuLfnClw==

lodash@^4.17.21:
  version "4.17.21"
  resolved "https://registry.yarnpkg.com/lodash/-/lodash-4.17.21.tgz#679591c564c3bffaae8454cf0b3df370c3d6911c"
  integrity sha512-v2kDEe57lecTulaDIuNTPy3Ry4gLGJ6Z1O3vE1krgXZNrsQ+LFTGHVxVjcXPs17LhbZVGedAJv8XZ1tvj5FvSg==

loose-envify@^1.1.0:
  version "1.4.0"
  resolved "https://registry.yarnpkg.com/loose-envify/-/loose-envify-1.4.0.tgz#71ee51fa7be4caec1a63839f7e682d8132d30caf"
  integrity sha512-lyuxPGr/Wfhrlem2CL/UcnUc1zcqKAImBDzukY7Y5F/yQiNdko6+fRLevlw1HgMySw7f611UIY408EtxRSoK3Q==
  dependencies:
    js-tokens "^3.0.0 || ^4.0.0"

normalize-package-data@^2.3.2:
  version "2.5.0"
  resolved "https://registry.yarnpkg.com/normalize-package-data/-/normalize-package-data-2.5.0.tgz#e66db1838b200c1dfc233225d12cb36520e234a8"
  integrity sha512-/5CMN3T0R4XTj4DcGaexo+roZSdSFW/0AOOTROrjxzCG1wrWXEsGbRKevjlIL+ZDE4sZlJr5ED4YW0yqmkK+eA==
  dependencies:
    hosted-git-info "^2.1.4"
    resolve "^1.10.0"
    semver "2 || 3 || 4 || 5"
    validate-npm-package-license "^3.0.1"

number-is-nan@^1.0.0:
  version "1.0.1"
  resolved "https://registry.yarnpkg.com/number-is-nan/-/number-is-nan-1.0.1.tgz#097b602b53422a522c1afb8790318336941a011d"
  integrity sha512-4jbtZXNAsfZbAHiiqjLPBiCl16dES1zI4Hpzzxw61Tk+loF+sBDBKx1ICKKKwIqQ7M0mFn1TmkN7euSncWgHiQ==

os-locale@^1.4.0:
  version "1.4.0"
  resolved "https://registry.yarnpkg.com/os-locale/-/os-locale-1.4.0.tgz#20f9f17ae29ed345e8bde583b13d2009803c14d9"
  integrity sha512-PRT7ZORmwu2MEFt4/fv3Q+mEfN4zetKxufQrkShY2oGvUms9r8otu5HfdyIFHkYXjO7laNsoVGmM2MANfuTA8g==
  dependencies:
    lcid "^1.0.0"

packet-reader@1.0.0:
  version "1.0.0"
  resolved "https://registry.yarnpkg.com/packet-reader/-/packet-reader-1.0.0.tgz#9238e5480dedabacfe1fe3f2771063f164157d74"
  integrity sha512-HAKu/fG3HpHFO0AA8WE8q2g+gBJaZ9MG7fcKk+IJPLTGAD6Psw4443l+9DGRbOIh3/aXr7Phy0TjilYivJo5XQ==

parse-json@^2.2.0:
  version "2.2.0"
  resolved "https://registry.yarnpkg.com/parse-json/-/parse-json-2.2.0.tgz#f480f40434ef80741f8469099f8dea18f55a4dc9"
  integrity sha512-QR/GGaKCkhwk1ePQNYDRKYZ3mwU9ypsKhB0XyFnLQdomyEqk3e8wpW3V5Jp88zbxK4n5ST1nqo+g9juTpownhQ==
  dependencies:
    error-ex "^1.2.0"

path-exists@^2.0.0:
  version "2.1.0"
  resolved "https://registry.yarnpkg.com/path-exists/-/path-exists-2.1.0.tgz#0feb6c64f0fc518d9a754dd5efb62c7022761f4b"
  integrity sha512-yTltuKuhtNeFJKa1PiRzfLAU5182q1y4Eb4XCJ3PBqyzEDkAZRzBrKKBct682ls9reBVHf9udYLN5Nd+K1B9BQ==
  dependencies:
    pinkie-promise "^2.0.0"

path-parse@^1.0.7:
  version "1.0.7"
  resolved "https://registry.yarnpkg.com/path-parse/-/path-parse-1.0.7.tgz#fbc114b60ca42b30d9daf5858e4bd68bbedb6735"
  integrity sha512-LDJzPVEEEPR+y48z93A0Ed0yXb8pAByGWo/k5YYdYgpY2/2EsOsksJrq7lOHxryrVOn1ejG6oAp8ahvOIQD8sw==

path-type@^1.0.0:
  version "1.1.0"
  resolved "https://registry.yarnpkg.com/path-type/-/path-type-1.1.0.tgz#59c44f7ee491da704da415da5a4070ba4f8fe441"
  integrity sha512-S4eENJz1pkiQn9Znv33Q+deTOKmbl+jj1Fl+qiP/vYezj+S8x+J3Uo0ISrx/QoEvIlOaDWJhPaRd1flJ9HXZqg==
  dependencies:
    graceful-fs "^4.1.2"
    pify "^2.0.0"
    pinkie-promise "^2.0.0"

pg-connection-string@^2.5.0:
  version "2.5.0"
  resolved "https://registry.yarnpkg.com/pg-connection-string/-/pg-connection-string-2.5.0.tgz#538cadd0f7e603fc09a12590f3b8a452c2c0cf34"
  integrity sha512-r5o/V/ORTA6TmUnyWZR9nCj1klXCO2CEKNRlVuJptZe85QuhFayC7WeMic7ndayT5IRIR0S0xFxFi2ousartlQ==

pg-int8@1.0.1:
  version "1.0.1"
  resolved "https://registry.yarnpkg.com/pg-int8/-/pg-int8-1.0.1.tgz#943bd463bf5b71b4170115f80f8efc9a0c0eb78c"
  integrity sha512-WCtabS6t3c8SkpDBUlb1kjOs7l66xsGdKpIPZsg4wR+B3+u9UAum2odSsF9tnvxg80h4ZxLWMy4pRjOsFIqQpw==

pg-pool@^3.5.2:
  version "3.5.2"
  resolved "https://registry.yarnpkg.com/pg-pool/-/pg-pool-3.5.2.tgz#ed1bed1fb8d79f1c6fd5fb1c99e990fbf9ddf178"
  integrity sha512-His3Fh17Z4eg7oANLob6ZvH8xIVen3phEZh2QuyrIl4dQSDVEabNducv6ysROKpDNPSD+12tONZVWfSgMvDD9w==

pg-protocol@*, pg-protocol@^1.6.0:
  version "1.6.0"
  resolved "https://registry.yarnpkg.com/pg-protocol/-/pg-protocol-1.6.0.tgz#4c91613c0315349363af2084608db843502f8833"
  integrity sha512-M+PDm637OY5WM307051+bsDia5Xej6d9IR4GwJse1qA1DIhiKlksvrneZOYQq42OM+spubpcNYEo2FcKQrDk+Q==

pg-types@^2.1.0, pg-types@^2.2.0:
  version "2.2.0"
  resolved "https://registry.yarnpkg.com/pg-types/-/pg-types-2.2.0.tgz#2d0250d636454f7cfa3b6ae0382fdfa8063254a3"
  integrity sha512-qTAAlrEsl8s4OiEQY69wDvcMIdQN6wdz5ojQiOy6YRMuynxenON0O5oCpJI6lshc6scgAY8qvJ2On/p+CXY0GA==
  dependencies:
    pg-int8 "1.0.1"
    postgres-array "~2.0.0"
    postgres-bytea "~1.0.0"
    postgres-date "~1.0.4"
    postgres-interval "^1.1.0"

pg@^8.9.0:
  version "8.9.0"
  resolved "https://registry.yarnpkg.com/pg/-/pg-8.9.0.tgz#73c5d77a854d36b0e185450dacb8b90c669e040b"
  integrity sha512-ZJM+qkEbtOHRuXjmvBtOgNOXOtLSbxiMiUVMgE4rV6Zwocy03RicCVvDXgx8l4Biwo8/qORUnEqn2fdQzV7KCg==
  dependencies:
    buffer-writer "2.0.0"
    packet-reader "1.0.0"
    pg-connection-string "^2.5.0"
    pg-pool "^3.5.2"
    pg-protocol "^1.6.0"
    pg-types "^2.1.0"
    pgpass "1.x"

pgpass@1.x:
  version "1.0.5"
  resolved "https://registry.yarnpkg.com/pgpass/-/pgpass-1.0.5.tgz#9b873e4a564bb10fa7a7dbd55312728d422a223d"
  integrity sha512-FdW9r/jQZhSeohs1Z3sI1yxFQNFvMcnmfuj4WBMUTxOrAyLMaTcE1aAMBiTlbMNaXvBCQuVi0R7hd8udDSP7ug==
  dependencies:
    split2 "^4.1.0"

pgtools@^1.0.0:
  version "1.0.0"
  resolved "https://registry.yarnpkg.com/pgtools/-/pgtools-1.0.0.tgz#a538f4a67fc55e195ee50c760138455dac66939a"
  integrity sha512-vjpsfGE9CaGxhIOjP0fiHWBU+MH2e2PiaD0193sFrhy1/7hK5lOqGEcxTqGLWL8rPSDdmqLSg6iGeni56G/2xg==
  dependencies:
    pg "^8.9.0"
    pg-connection-string "^2.5.0"
    yargs "^5.0.0"

pify@^2.0.0:
  version "2.3.0"
  resolved "https://registry.yarnpkg.com/pify/-/pify-2.3.0.tgz#ed141a6ac043a849ea588498e7dca8b15330e90c"
  integrity sha512-udgsAY+fTnvv7kI7aaxbqwWNb0AHiB0qBO89PZKPkoTmGOgdbrHDKD+0B2X4uTfJ/FT1R09r9gTsjUjNJotuog==

pinkie-promise@^2.0.0:
  version "2.0.1"
  resolved "https://registry.yarnpkg.com/pinkie-promise/-/pinkie-promise-2.0.1.tgz#2135d6dfa7a358c069ac9b178776288228450ffa"
  integrity sha512-0Gni6D4UcLTbv9c57DfxDGdr41XfgUjqWZu492f0cIGr16zDU06BWP/RAEvOuo7CQ0CNjHaLlM59YJJFm3NWlw==
  dependencies:
    pinkie "^2.0.0"

pinkie@^2.0.0:
  version "2.0.4"
  resolved "https://registry.yarnpkg.com/pinkie/-/pinkie-2.0.4.tgz#72556b80cfa0d48a974e80e77248e80ed4f7f870"
  integrity sha512-MnUuEycAemtSaeFSjXKW/aroV7akBbY+Sv+RkyqFjgAe73F+MR0TBWKBRDkmfWq/HiFmdavfZ1G7h4SPZXaCSg==

postgres-array@~2.0.0:
  version "2.0.0"
  resolved "https://registry.yarnpkg.com/postgres-array/-/postgres-array-2.0.0.tgz#48f8fce054fbc69671999329b8834b772652d82e"
  integrity sha512-VpZrUqU5A69eQyW2c5CA1jtLecCsN2U/bD6VilrFDWq5+5UIEVO7nazS3TEcHf1zuPYO/sqGvUvW62g86RXZuA==

postgres-bytea@~1.0.0:
  version "1.0.0"
  resolved "https://registry.yarnpkg.com/postgres-bytea/-/postgres-bytea-1.0.0.tgz#027b533c0aa890e26d172d47cf9ccecc521acd35"
  integrity sha512-xy3pmLuQqRBZBXDULy7KbaitYqLcmxigw14Q5sj8QBVLqEwXfeybIKVWiqAXTlcvdvb0+xkOtDbfQMOf4lST1w==

postgres-date@~1.0.4:
  version "1.0.7"
  resolved "https://registry.yarnpkg.com/postgres-date/-/postgres-date-1.0.7.tgz#51bc086006005e5061c591cee727f2531bf641a8"
  integrity sha512-suDmjLVQg78nMK2UZ454hAG+OAW+HQPZ6n++TNDUX+L0+uUlLywnoxJKDou51Zm+zTCjrCl0Nq6J9C5hP9vK/Q==

postgres-interval@^1.1.0:
  version "1.2.0"
  resolved "https://registry.yarnpkg.com/postgres-interval/-/postgres-interval-1.2.0.tgz#b460c82cb1587507788819a06aa0fffdb3544695"
  integrity sha512-9ZhXKM/rw350N1ovuWHbGxnGh/SNJ4cnxHiM0rxE4VN41wsg8P8zWn9hv/buK00RP4WvlOyr/RBDiptyxVbkZQ==
  dependencies:
    xtend "^4.0.0"

react-dom@^18.2.0:
  version "18.2.0"
  resolved "https://registry.yarnpkg.com/react-dom/-/react-dom-18.2.0.tgz#22aaf38708db2674ed9ada224ca4aa708d821e3d"
  integrity sha512-6IMTriUmvsjHUjNtEDudZfuDQUoWXVxKHhlEGSk81n4YFS+r/Kl99wXiwlVXtPBtJenozv2P+hxDsw9eA7Xo6g==
  dependencies:
    loose-envify "^1.1.0"
    scheduler "^0.23.0"

react@^18.2.0:
  version "18.2.0"
  resolved "https://registry.yarnpkg.com/react/-/react-18.2.0.tgz#555bd98592883255fa00de14f1151a917b5d77d5"
  integrity sha512-/3IjMdb2L9QbBdWiW5e3P2/npwMBaU9mHCSCUzNln0ZCYbcfTsGbTJrU/kGemdH2IWmB2ioZ+zkxtmq6g09fGQ==
  dependencies:
    loose-envify "^1.1.0"

read-pkg-up@^1.0.1:
  version "1.0.1"
  resolved "https://registry.yarnpkg.com/read-pkg-up/-/read-pkg-up-1.0.1.tgz#9d63c13276c065918d57f002a57f40a1b643fb02"
  integrity sha512-WD9MTlNtI55IwYUS27iHh9tK3YoIVhxis8yKhLpTqWtml739uXc9NWTpxoHkfZf3+DkCCsXox94/VWZniuZm6A==
  dependencies:
    find-up "^1.0.0"
    read-pkg "^1.0.0"

read-pkg@^1.0.0:
  version "1.1.0"
  resolved "https://registry.yarnpkg.com/read-pkg/-/read-pkg-1.1.0.tgz#f5ffaa5ecd29cb31c0474bca7d756b6bb29e3f28"
  integrity sha512-7BGwRHqt4s/uVbuyoeejRn4YmFnYZiFl4AuaeXHlgZf3sONF0SOGlxs2Pw8g6hCKupo08RafIO5YXFNOKTfwsQ==
  dependencies:
    load-json-file "^1.0.0"
    normalize-package-data "^2.3.2"
    path-type "^1.0.0"

require-directory@^2.1.1:
  version "2.1.1"
  resolved "https://registry.yarnpkg.com/require-directory/-/require-directory-2.1.1.tgz#8c64ad5fd30dab1c976e2344ffe7f792a6a6df42"
  integrity sha512-fGxEI7+wsG9xrvdjsrlmL22OMTTiHRwAMroiEeMgq8gzoLC/PQr7RsRDSTLUg/bZAZtF+TVIkHc6/4RIKrui+Q==

require-main-filename@^1.0.1:
  version "1.0.1"
  resolved "https://registry.yarnpkg.com/require-main-filename/-/require-main-filename-1.0.1.tgz#97f717b69d48784f5f526a6c5aa8ffdda055a4d1"
  integrity sha512-IqSUtOVP4ksd1C/ej5zeEh/BIP2ajqpn8c5x+q99gvcIG/Qf0cud5raVnE/Dwd0ua9TXYDoDc0RE5hBSdz22Ug==

resolve@^1.10.0:
  version "1.22.1"
  resolved "https://registry.yarnpkg.com/resolve/-/resolve-1.22.1.tgz#27cb2ebb53f91abb49470a928bba7558066ac177"
  integrity sha512-nBpuuYuY5jFsli/JIs1oldw6fOQCBioohqWZg/2hiaOybXOft4lonv85uDOKXdf8rhyK159cxU5cDcK/NKk8zw==
  dependencies:
    is-core-module "^2.9.0"
    path-parse "^1.0.7"
    supports-preserve-symlinks-flag "^1.0.0"

scheduler@^0.23.0:
  version "0.23.0"
  resolved "https://registry.yarnpkg.com/scheduler/-/scheduler-0.23.0.tgz#ba8041afc3d30eb206a487b6b384002e4e61fdfe"
  integrity sha512-CtuThmgHNg7zIZWAXi3AsyIzA3n4xx7aNyjwC2VJldO2LMVDhFK+63xGqq6CsJH4rTAt6/M+N4GhZiDYPx9eUw==
  dependencies:
    loose-envify "^1.1.0"

"semver@2 || 3 || 4 || 5":
  version "5.7.1"
  resolved "https://registry.yarnpkg.com/semver/-/semver-5.7.1.tgz#a954f931aeba508d307bbf069eff0c01c96116f7"
  integrity sha512-sauaDf/PZdVgrLTNYHRtpXa1iRiKcaebiKQ1BJdpQlWH2lCvexQdX55snPFyK7QzpudqbCI0qXFfOasHdyNDGQ==

set-blocking@^2.0.0:
  version "2.0.0"
  resolved "https://registry.yarnpkg.com/set-blocking/-/set-blocking-2.0.0.tgz#045f9782d011ae9a6803ddd382b24392b3d890f7"
  integrity sha512-KiKBS8AnWGEyLzofFfmvKwpdPzqiy16LvQfK3yv/fVH7Bj13/wl3JSR1J+rfgRE9q7xUJK4qvgS8raSOeLUehw==

spdx-correct@^3.0.0:
  version "3.2.0"
  resolved "https://registry.yarnpkg.com/spdx-correct/-/spdx-correct-3.2.0.tgz#4f5ab0668f0059e34f9c00dce331784a12de4e9c"
  integrity sha512-kN9dJbvnySHULIluDHy32WHRUu3Og7B9sbY7tsFLctQkIqnMh3hErYgdMjTYuqmcXX+lK5T1lnUt3G7zNswmZA==
  dependencies:
    spdx-expression-parse "^3.0.0"
    spdx-license-ids "^3.0.0"

spdx-exceptions@^2.1.0:
  version "2.3.0"
  resolved "https://registry.yarnpkg.com/spdx-exceptions/-/spdx-exceptions-2.3.0.tgz#3f28ce1a77a00372683eade4a433183527a2163d"
  integrity sha512-/tTrYOC7PPI1nUAgx34hUpqXuyJG+DTHJTnIULG4rDygi4xu/tfgmq1e1cIRwRzwZgo4NLySi+ricLkZkw4i5A==

spdx-expression-parse@^3.0.0:
  version "3.0.1"
  resolved "https://registry.yarnpkg.com/spdx-expression-parse/-/spdx-expression-parse-3.0.1.tgz#cf70f50482eefdc98e3ce0a6833e4a53ceeba679"
  integrity sha512-cbqHunsQWnJNE6KhVSMsMeH5H/L9EpymbzqTQ3uLwNCLZ1Q481oWaofqH7nO6V07xlXwY6PhQdQ2IedWx/ZK4Q==
  dependencies:
    spdx-exceptions "^2.1.0"
    spdx-license-ids "^3.0.0"

spdx-license-ids@^3.0.0:
  version "3.0.12"
  resolved "https://registry.yarnpkg.com/spdx-license-ids/-/spdx-license-ids-3.0.12.tgz#69077835abe2710b65f03969898b6637b505a779"
  integrity sha512-rr+VVSXtRhO4OHbXUiAF7xW3Bo9DuuF6C5jH+q/x15j2jniycgKbxU09Hr0WqlSLUs4i4ltHGXqTe7VHclYWyA==

split2@^4.1.0:
  version "4.1.0"
  resolved "https://registry.yarnpkg.com/split2/-/split2-4.1.0.tgz#101907a24370f85bb782f08adaabe4e281ecf809"
  integrity sha512-VBiJxFkxiXRlUIeyMQi8s4hgvKCSjtknJv/LVYbrgALPwf5zSKmEwV9Lst25AkvMDnvxODugjdl6KZgwKM1WYQ==

string-width@^1.0.1, string-width@^1.0.2:
  version "1.0.2"
  resolved "https://registry.yarnpkg.com/string-width/-/string-width-1.0.2.tgz#118bdf5b8cdc51a2a7e70d211e07e2b0b9b107d3"
  integrity sha512-0XsVpQLnVCXHJfyEs8tC0zpTVIr5PKKsQtkT29IwupnPTjtPmQ3xT/4yCREF9hYkV/3M3kzcUTSAZT6a6h81tw==
  dependencies:
    code-point-at "^1.0.0"
    is-fullwidth-code-point "^1.0.0"
    strip-ansi "^3.0.0"

strip-ansi@^3.0.0, strip-ansi@^3.0.1:
  version "3.0.1"
  resolved "https://registry.yarnpkg.com/strip-ansi/-/strip-ansi-3.0.1.tgz#6a385fb8853d952d5ff05d0e8aaf94278dc63dcf"
  integrity sha512-VhumSSbBqDTP8p2ZLKj40UjBCV4+v8bUSEpUb4KjRgWk9pbqGF4REFj6KEagidb2f/M6AzC0EmFyDNGaw9OCzg==
  dependencies:
    ansi-regex "^2.0.0"

strip-bom@^2.0.0:
  version "2.0.0"
  resolved "https://registry.yarnpkg.com/strip-bom/-/strip-bom-2.0.0.tgz#6219a85616520491f35788bdbf1447a99c7e6b0e"
  integrity sha512-kwrX1y7czp1E69n2ajbG65mIo9dqvJ+8aBQXOGVxqwvNbsXdFM6Lq37dLAY3mknUwru8CfcCbfOLL/gMo+fi3g==
  dependencies:
    is-utf8 "^0.2.0"

supports-preserve-symlinks-flag@^1.0.0:
  version "1.0.0"
  resolved "https://registry.yarnpkg.com/supports-preserve-symlinks-flag/-/supports-preserve-symlinks-flag-1.0.0.tgz#6eda4bd344a3c94aea376d4cc31bc77311039e09"
  integrity sha512-ot0WnXS9fgdkgIcePe6RHNk1WA8+muPa6cSjeR3V8K27q9BB1rTE3R1p7Hv0z1ZyAc8s6Vvv8DIyWf681MAt0w==

typescript@^4.9.4:
  version "4.9.5"
  resolved "https://registry.yarnpkg.com/typescript/-/typescript-4.9.5.tgz#095979f9bcc0d09da324d58d03ce8f8374cbe65a"
  integrity sha512-1FXk9E2Hm+QzZQ7z+McJiHL4NW1F2EzMu9Nq9i3zAaGqibafqYwCVU6WyWAuyQRRzOlxou8xZSyXLEN8oKj24g==

validate-npm-package-license@^3.0.1:
  version "3.0.4"
  resolved "https://registry.yarnpkg.com/validate-npm-package-license/-/validate-npm-package-license-3.0.4.tgz#fc91f6b9c7ba15c857f4cb2c5defeec39d4f410a"
  integrity sha512-DpKm2Ui/xN7/HQKCtpZxoRWBhZ9Z0kqtygG8XCgNQ8ZlDnxuQmWhj566j8fN4Cu3/JmbhsDo7fcAJq4s9h27Ew==
  dependencies:
    spdx-correct "^3.0.0"
    spdx-expression-parse "^3.0.0"

which-module@^1.0.0:
  version "1.0.0"
  resolved "https://registry.yarnpkg.com/which-module/-/which-module-1.0.0.tgz#bba63ca861948994ff307736089e3b96026c2a4f"
  integrity sha512-F6+WgncZi/mJDrammbTuHe1q0R5hOXv/mBaiNA2TCNT/LTHusX0V+CJnj9XT8ki5ln2UZyyddDgHfCzyrOH7MQ==

window-size@^0.2.0:
  version "0.2.0"
  resolved "https://registry.yarnpkg.com/window-size/-/window-size-0.2.0.tgz#b4315bb4214a3d7058ebeee892e13fa24d98b075"
  integrity sha512-UD7d8HFA2+PZsbKyaOCEy8gMh1oDtHgJh1LfgjQ4zVXmYjAT/kvz3PueITKuqDiIXQe7yzpPnxX3lNc+AhQMyw==

wrap-ansi@^2.0.0:
  version "2.1.0"
  resolved "https://registry.yarnpkg.com/wrap-ansi/-/wrap-ansi-2.1.0.tgz#d8fc3d284dd05794fe84973caecdd1cf824fdd85"
  integrity sha512-vAaEaDM946gbNpH5pLVNR+vX2ht6n0Bt3GXwVB1AuAqZosOvHNF3P7wDnh8KLkSqgUh0uh77le7Owgoz+Z9XBw==
  dependencies:
    string-width "^1.0.1"
    strip-ansi "^3.0.1"

xtend@^4.0.0:
  version "4.0.2"
  resolved "https://registry.yarnpkg.com/xtend/-/xtend-4.0.2.tgz#bb72779f5fa465186b1f438f674fa347fdb5db54"
  integrity sha512-LKYU1iAXJXUgAXn9URjiu+MWhyUXHsvfp7mcuYm9dSUKK0/CjtrUwFAxD82/mCWbtLsGjFIad0wIsod4zrTAEQ==

y18n@^3.2.1:
  version "3.2.2"
  resolved "https://registry.yarnpkg.com/y18n/-/y18n-3.2.2.tgz#85c901bd6470ce71fc4bb723ad209b70f7f28696"
  integrity sha512-uGZHXkHnhF0XeeAPgnKfPv1bgKAYyVvmNL1xlKsPYZPaIHxGti2hHqvOCQv71XMsLxu1QjergkqogUnms5D3YQ==

yargs-parser@^3.2.0:
  version "3.2.0"
  resolved "https://registry.yarnpkg.com/yargs-parser/-/yargs-parser-3.2.0.tgz#5081355d19d9d0c8c5d81ada908cb4e6d186664f"
  integrity sha512-eANlJIqYwhwS/asi4ybKxkeJYUIjNMZXL36C/KICV5jyudUZWp+/lEfBHM0PuJcQjBfs00HwqePEQjtLJd+Kyw==
  dependencies:
    camelcase "^3.0.0"
    lodash.assign "^4.1.0"

yargs@^5.0.0:
  version "5.0.0"
  resolved "https://registry.yarnpkg.com/yargs/-/yargs-5.0.0.tgz#3355144977d05757dbb86d6e38ec056123b3a66e"
  integrity sha512-krgVLGNhMWUVY1EJkM/bgbvn3yCIRrsZp6KaeX8hx8ztT+jBtX7/flTQcSHe5089xIDQRUsEr2mzlZVNe/7P5w==
  dependencies:
    cliui "^3.2.0"
    decamelize "^1.1.1"
    get-caller-file "^1.0.1"
    lodash.assign "^4.2.0"
    os-locale "^1.4.0"
    read-pkg-up "^1.0.1"
    require-directory "^2.1.1"
    require-main-filename "^1.0.1"
    set-blocking "^2.0.0"
    string-width "^1.0.2"
    which-module "^1.0.0"
    window-size "^0.2.0"
    y18n "^3.2.1"
    yargs-parser "^3.2.0"
