# THIS IS AN AUTOGENERATED FILE. DO NOT EDIT THIS FILE DIRECTLY.
# yarn lockfile v1


"@types/lodash@^4.14.191":
  version "4.14.191"
  resolved "https://registry.yarnpkg.com/@types/lodash/-/lodash-4.14.191.tgz#09511e7f7cba275acd8b419ddac8da9a6a79e2fa"
  integrity sha512-BdZ5BCCvho3EIXw6wUCXHe7rS53AIDPLE+JzwgT+OsJk53oBfbSmZZ7CX4VaRoN78N+TJpFi9QPlfIVNmJYWxQ==

"@types/node@*":
  version "18.14.1"
  resolved "https://registry.yarnpkg.com/@types/node/-/node-18.14.1.tgz#90dad8476f1e42797c49d6f8b69aaf9f876fc69f"
  integrity sha512-QH+37Qds3E0eDlReeboBxfHbX9omAcBCXEzswCu6jySP642jiM3cYSIkU/REqwhCUqXdonHFuBfJDiAJxMNhaQ==

"@types/node@^18.11.17":
  version "18.14.0"
  resolved "https://registry.yarnpkg.com/@types/node/-/node-18.14.0.tgz#94c47b9217bbac49d4a67a967fdcdeed89ebb7d0"
  integrity sha512-5EWrvLmglK+imbCJY0+INViFWUHg1AHel1sq4ZVSfdcNqGy9Edv3UB9IIzzg+xPaUcAgZYcfVs2fBcwDeZzU0A==

"@types/pg@^8.6.6":
  version "8.6.6"
  resolved "https://registry.yarnpkg.com/@types/pg/-/pg-8.6.6.tgz#21cdf873a3e345a6e78f394677e3b3b1b543cb80"
  integrity sha512-O2xNmXebtwVekJDD+02udOncjVcMZQuTEQEMpKJ0ZRf5E7/9JJX3izhKUcUifBkyKpljyUM6BTgy2trmviKlpw==
  dependencies:
    "@types/node" "*"
    pg-protocol "*"
    pg-types "^2.2.0"

"@types/prop-types@*":
  version "15.7.5"
  resolved "https://registry.yarnpkg.com/@types/prop-types/-/prop-types-15.7.5.tgz#5f19d2b85a98e9558036f6a3cacc8819420f05cf"
  integrity sha512-JCB8C6SnDoQf0cNycqd/35A7MjcnK+ZTqE7judS6o7utxUCg6imJg3QK2qzHKszlTjcj2cn+NwMB2i96ubpj7w==

"@types/react-dom@^18.0.10":
  version "18.0.11"
  resolved "https://registry.yarnpkg.com/@types/react-dom/-/react-dom-18.0.11.tgz#321351c1459bc9ca3d216aefc8a167beec334e33"
  integrity sha512-O38bPbI2CWtgw/OoQoY+BRelw7uysmXbWvw3nLWO21H1HSh+GOlqPuXshJfjmpNlKiiSDG9cc1JZAaMmVdcTlw==
  dependencies:
    "@types/react" "*"

"@types/react@*", "@types/react@^18.0.27":
  version "18.0.28"
  resolved "https://registry.yarnpkg.com/@types/react/-/react-18.0.28.tgz#accaeb8b86f4908057ad629a26635fe641480065"
  integrity sha512-RD0ivG1kEztNBdoAK7lekI9M+azSnitIn85h4iOiaLjaTrMjzslhaqCGaI4IyCJ1RljWiLCEu4jyrLLgqxBTew==
  dependencies:
    "@types/prop-types" "*"
    "@types/scheduler" "*"
    csstype "^3.0.2"

"@types/scheduler@*":
  version "0.16.2"
  resolved "https://registry.yarnpkg.com/@types/scheduler/-/scheduler-0.16.2.tgz#1a62f89525723dde24ba1b01b092bf5df8ad4d39"
  integrity sha512-hppQEBDmlwhFAXKJX2KnWLYu5yMfi91yazPb2l+lbJiwW+wdo1gNeRA+3RgNSO39WYX2euey41KEwnqesU2Jew==

buffer-writer@2.0.0:
  version "2.0.0"
  resolved "https://registry.yarnpkg.com/buffer-writer/-/buffer-writer-2.0.0.tgz#ce7eb81a38f7829db09c873f2fbb792c0c98ec04"
  integrity sha512-a7ZpuTZU1TRtnwyCNW3I5dc0wWNC3VR9S++Ewyk2HHZdrO3CQJqSpd+95Us590V6AL7JqUAH2IwZ/398PmNFgw==

csstype@^3.0.2:
  version "3.1.1"
  resolved "https://registry.yarnpkg.com/csstype/-/csstype-3.1.1.tgz#841b532c45c758ee546a11d5bd7b7b473c8c30b9"
  integrity sha512-DJR/VvkAvSZW9bTouZue2sSxDwdTN92uHjqeKVm+0dAqdfNykRzQ95tay8aXMBAAPpUiq4Qcug2L7neoRh2Egw==

"js-tokens@^3.0.0 || ^4.0.0":
  version "4.0.0"
  resolved "https://registry.yarnpkg.com/js-tokens/-/js-tokens-4.0.0.tgz#19203fb59991df98e3a287050d4647cdeaf32499"
  integrity sha512-RdJUflcE3cUzKiMqQgsCu06FPu9UdIJO0beYbPhHN4k6apgJtifcoCtT9bcxOpYBtpD2kCM6Sbzg4CausW/PKQ==

lodash@^4.17.21:
  version "4.17.21"
  resolved "https://registry.yarnpkg.com/lodash/-/lodash-4.17.21.tgz#679591c564c3bffaae8454cf0b3df370c3d6911c"
  integrity sha512-v2kDEe57lecTulaDIuNTPy3Ry4gLGJ6Z1O3vE1krgXZNrsQ+LFTGHVxVjcXPs17LhbZVGedAJv8XZ1tvj5FvSg==

loose-envify@^1.1.0:
  version "1.4.0"
  resolved "https://registry.yarnpkg.com/loose-envify/-/loose-envify-1.4.0.tgz#71ee51fa7be4caec1a63839f7e682d8132d30caf"
  integrity sha512-lyuxPGr/Wfhrlem2CL/UcnUc1zcqKAImBDzukY7Y5F/yQiNdko6+fRLevlw1HgMySw7f611UIY408EtxRSoK3Q==
  dependencies:
    js-tokens "^3.0.0 || ^4.0.0"

packet-reader@1.0.0:
  version "1.0.0"
  resolved "https://registry.yarnpkg.com/packet-reader/-/packet-reader-1.0.0.tgz#9238e5480dedabacfe1fe3f2771063f164157d74"
  integrity sha512-HAKu/fG3HpHFO0AA8WE8q2g+gBJaZ9MG7fcKk+IJPLTGAD6Psw4443l+9DGRbOIh3/aXr7Phy0TjilYivJo5XQ==

pg-connection-string@^2.5.0:
  version "2.5.0"
  resolved "https://registry.yarnpkg.com/pg-connection-string/-/pg-connection-string-2.5.0.tgz#538cadd0f7e603fc09a12590f3b8a452c2c0cf34"
  integrity sha512-r5o/V/ORTA6TmUnyWZR9nCj1klXCO2CEKNRlVuJptZe85QuhFayC7WeMic7ndayT5IRIR0S0xFxFi2ousartlQ==

pg-int8@1.0.1:
  version "1.0.1"
  resolved "https://registry.yarnpkg.com/pg-int8/-/pg-int8-1.0.1.tgz#943bd463bf5b71b4170115f80f8efc9a0c0eb78c"
  integrity sha512-WCtabS6t3c8SkpDBUlb1kjOs7l66xsGdKpIPZsg4wR+B3+u9UAum2odSsF9tnvxg80h4ZxLWMy4pRjOsFIqQpw==

pg-pool@^3.5.2:
  version "3.5.2"
  resolved "https://registry.yarnpkg.com/pg-pool/-/pg-pool-3.5.2.tgz#ed1bed1fb8d79f1c6fd5fb1c99e990fbf9ddf178"
  integrity sha512-His3Fh17Z4eg7oANLob6ZvH8xIVen3phEZh2QuyrIl4dQSDVEabNducv6ysROKpDNPSD+12tONZVWfSgMvDD9w==

pg-protocol@*, pg-protocol@^1.6.0:
  version "1.6.0"
  resolved "https://registry.yarnpkg.com/pg-protocol/-/pg-protocol-1.6.0.tgz#4c91613c0315349363af2084608db843502f8833"
  integrity sha512-M+PDm637OY5WM307051+bsDia5Xej6d9IR4GwJse1qA1DIhiKlksvrneZOYQq42OM+spubpcNYEo2FcKQrDk+Q==

pg-types@^2.1.0, pg-types@^2.2.0:
  version "2.2.0"
  resolved "https://registry.yarnpkg.com/pg-types/-/pg-types-2.2.0.tgz#2d0250d636454f7cfa3b6ae0382fdfa8063254a3"
  integrity sha512-qTAAlrEsl8s4OiEQY69wDvcMIdQN6wdz5ojQiOy6YRMuynxenON0O5oCpJI6lshc6scgAY8qvJ2On/p+CXY0GA==
  dependencies:
    pg-int8 "1.0.1"
    postgres-array "~2.0.0"
    postgres-bytea "~1.0.0"
    postgres-date "~1.0.4"
    postgres-interval "^1.1.0"

pg@^8.9.0:
  version "8.9.0"
  resolved "https://registry.yarnpkg.com/pg/-/pg-8.9.0.tgz#73c5d77a854d36b0e185450dacb8b90c669e040b"
  integrity sha512-ZJM+qkEbtOHRuXjmvBtOgNOXOtLSbxiMiUVMgE4rV6Zwocy03RicCVvDXgx8l4Biwo8/qORUnEqn2fdQzV7KCg==
  dependencies:
    buffer-writer "2.0.0"
    packet-reader "1.0.0"
    pg-connection-string "^2.5.0"
    pg-pool "^3.5.2"
    pg-protocol "^1.6.0"
    pg-types "^2.1.0"
    pgpass "1.x"

pgpass@1.x:
  version "1.0.5"
  resolved "https://registry.yarnpkg.com/pgpass/-/pgpass-1.0.5.tgz#9b873e4a564bb10fa7a7dbd55312728d422a223d"
  integrity sha512-FdW9r/jQZhSeohs1Z3sI1yxFQNFvMcnmfuj4WBMUTxOrAyLMaTcE1aAMBiTlbMNaXvBCQuVi0R7hd8udDSP7ug==
  dependencies:
    split2 "^4.1.0"

postgres-array@~2.0.0:
  version "2.0.0"
  resolved "https://registry.yarnpkg.com/postgres-array/-/postgres-array-2.0.0.tgz#48f8fce054fbc69671999329b8834b772652d82e"
  integrity sha512-VpZrUqU5A69eQyW2c5CA1jtLecCsN2U/bD6VilrFDWq5+5UIEVO7nazS3TEcHf1zuPYO/sqGvUvW62g86RXZuA==

postgres-bytea@~1.0.0:
  version "1.0.0"
  resolved "https://registry.yarnpkg.com/postgres-bytea/-/postgres-bytea-1.0.0.tgz#027b533c0aa890e26d172d47cf9ccecc521acd35"
  integrity sha512-xy3pmLuQqRBZBXDULy7KbaitYqLcmxigw14Q5sj8QBVLqEwXfeybIKVWiqAXTlcvdvb0+xkOtDbfQMOf4lST1w==

postgres-date@~1.0.4:
  version "1.0.7"
  resolved "https://registry.yarnpkg.com/postgres-date/-/postgres-date-1.0.7.tgz#51bc086006005e5061c591cee727f2531bf641a8"
  integrity sha512-suDmjLVQg78nMK2UZ454hAG+OAW+HQPZ6n++TNDUX+L0+uUlLywnoxJKDou51Zm+zTCjrCl0Nq6J9C5hP9vK/Q==

postgres-interval@^1.1.0:
  version "1.2.0"
  resolved "https://registry.yarnpkg.com/postgres-interval/-/postgres-interval-1.2.0.tgz#b460c82cb1587507788819a06aa0fffdb3544695"
  integrity sha512-9ZhXKM/rw350N1ovuWHbGxnGh/SNJ4cnxHiM0rxE4VN41wsg8P8zWn9hv/buK00RP4WvlOyr/RBDiptyxVbkZQ==
  dependencies:
    xtend "^4.0.0"

react-dom@^18.2.0:
  version "18.2.0"
  resolved "https://registry.yarnpkg.com/react-dom/-/react-dom-18.2.0.tgz#22aaf38708db2674ed9ada224ca4aa708d821e3d"
  integrity sha512-6IMTriUmvsjHUjNtEDudZfuDQUoWXVxKHhlEGSk81n4YFS+r/Kl99wXiwlVXtPBtJenozv2P+hxDsw9eA7Xo6g==
  dependencies:
    loose-envify "^1.1.0"
    scheduler "^0.23.0"

react@^18.2.0:
  version "18.2.0"
  resolved "https://registry.yarnpkg.com/react/-/react-18.2.0.tgz#555bd98592883255fa00de14f1151a917b5d77d5"
  integrity sha512-/3IjMdb2L9QbBdWiW5e3P2/npwMBaU9mHCSCUzNln0ZCYbcfTsGbTJrU/kGemdH2IWmB2ioZ+zkxtmq6g09fGQ==
  dependencies:
    loose-envify "^1.1.0"

scheduler@^0.23.0:
  version "0.23.0"
  resolved "https://registry.yarnpkg.com/scheduler/-/scheduler-0.23.0.tgz#ba8041afc3d30eb206a487b6b384002e4e61fdfe"
  integrity sha512-CtuThmgHNg7zIZWAXi3AsyIzA3n4xx7aNyjwC2VJldO2LMVDhFK+63xGqq6CsJH4rTAt6/M+N4GhZiDYPx9eUw==
  dependencies:
    loose-envify "^1.1.0"

split2@^4.1.0:
  version "4.1.0"
  resolved "https://registry.yarnpkg.com/split2/-/split2-4.1.0.tgz#101907a24370f85bb782f08adaabe4e281ecf809"
  integrity sha512-VBiJxFkxiXRlUIeyMQi8s4hgvKCSjtknJv/LVYbrgALPwf5zSKmEwV9Lst25AkvMDnvxODugjdl6KZgwKM1WYQ==

typescript@^4.9.4:
  version "4.9.5"
  resolved "https://registry.yarnpkg.com/typescript/-/typescript-4.9.5.tgz#095979f9bcc0d09da324d58d03ce8f8374cbe65a"
  integrity sha512-1FXk9E2Hm+QzZQ7z+McJiHL4NW1F2EzMu9Nq9i3zAaGqibafqYwCVU6WyWAuyQRRzOlxou8xZSyXLEN8oKj24g==

xtend@^4.0.0:
  version "4.0.2"
  resolved "https://registry.yarnpkg.com/xtend/-/xtend-4.0.2.tgz#bb72779f5fa465186b1f438f674fa347fdb5db54"
  integrity sha512-LKYU1iAXJXUgAXn9URjiu+MWhyUXHsvfp7mcuYm9dSUKK0/CjtrUwFAxD82/mCWbtLsGjFIad0wIsod4zrTAEQ==
